
Microsoft Visual Studio Solution File, Format Version 10.00
# Visual Studio 2008
Project("{8BC9CEB8-8B4A-11D0-8D11-00A0C91BC942}") = "libargvcodec", "libargvcodec\libargvcodec.vcproj", "{8B120F17-D63D-4783-A96A-08D495065758}"
EndProject
Project("{8BC9CEB8-8B4A-11D0-8D11-00A0C91BC942}") = "libargvcodectest", "libargvcodectest\libargvcodectest.vcproj", "{12E9683C-378D-4F85-AB1C-1250119047CD}"
EndProject
Project("{8BC9CEB8-8B4A-11D0-8D11-00A0C91BC942}") = "libargvcodecvalidator", "libargvcodecvalidator\libargvcodecvalidator.vcproj", "{BF073A7B-A727-4092-94E2-77F0F6F8FA32}"
EndProject
Global
	GlobalSection(DPCodeReviewSolutionGUID) = preSolution
		DPCodeReviewSolutionGUID = {00000000-0000-0000-0000-000000000000}
	EndGlobalSection
	GlobalSection(SolutionConfigurationPlatforms) = preSolution
		Debug|Win32 = Debug|Win32
		Release|Win32 = Release|Win32
	EndGlobalSection
	GlobalSection(ProjectConfigurationPlatforms) = postSolution
		{8B120F17-D63D-4783-A96A-08D495065758}.Debug|Win32.ActiveCfg = Debug|Win32
		{8B120F17-D63D-4783-A96A-08D495065758}.Debug|Win32.Build.0 = Debug|Win32
		{8B120F17-D63D-4783-A96A-08D495065758}.Release|Win32.ActiveCfg = Release|Win32
		{8B120F17-D63D-4783-A96A-08D495065758}.Release|Win32.Build.0 = Release|Win32
		{12E9683C-378D-4F85-AB1C-1250119047CD}.Debug|Win32.ActiveCfg = Debug|Win32
		{12E9683C-378D-4F85-AB1C-1250119047CD}.Debug|Win32.Build.0 = Debug|Win32
		{12E9683C-378D-4F85-AB1C-1250119047CD}.Release|Win32.ActiveCfg = Release|Win32
		{12E9683C-378D-4F85-AB1C-1250119047CD}.Release|Win32.Build.0 = Release|Win32
		{BF073A7B-A727-4092-94E2-77F0F6F8FA32}.Debug|Win32.ActiveCfg = Debug|Win32
		{BF073A7B-A727-4092-94E2-77F0F6F8FA32}.Debug|Win32.Build.0 = Debug|Win32
		{BF073A7B-A727-4092-94E2-77F0F6F8FA32}.Release|Win32.ActiveCfg = Release|Win32
		{BF073A7B-A727-4092-94E2-77F0F6F8FA32}.Release|Win32.Build.0 = Release|Win32
	EndGlobalSection
	GlobalSection(SolutionProperties) = preSolution
		HideSolutionNode = FALSE
	EndGlobalSection
EndGlobal
