<?xml version="1.0" encoding="utf-8"?>
<Project ToolsVersion="4.0" xmlns="http://schemas.microsoft.com/developer/msbuild/2003">
  <ItemGroup>
    <Filter Include="Source Files">
      <UniqueIdentifier>{4FC737F1-C7A5-4376-A066-2A32D752A2FF}</UniqueIdentifier>
      <Extensions>cpp;c;cc;cxx;def;odl;idl;hpj;bat;asm;asmx</Extensions>
    </Filter>
    <Filter Include="Header Files">
      <UniqueIdentifier>{93995380-89BD-4b04-88EB-625FBE52EBFB}</UniqueIdentifier>
      <Extensions>h;hpp;hxx;hm;inl;inc;xsd</Extensions>
    </Filter>
    <Filter Include="Resource Files">
      <UniqueIdentifier>{67DA6AB6-F800-4c08-8B7A-83BB121AAD01}</UniqueIdentifier>
      <Extensions>rc;ico;cur;bmp;dlg;rc2;rct;bin;rgs;gif;jpg;jpeg;jpe;resx;tiff;tif;png;wav</Extensions>
    </Filter>
    <Filter Include="Codec">
      <UniqueIdentifier>{dd115b46-0c0d-457c-b9b3-96bfc318f622}</UniqueIdentifier>
    </Filter>
    <Filter Include="Arguments Validation">
      <UniqueIdentifier>{0971e279-6a1b-43d0-a36b-14488219544b}</UniqueIdentifier>
    </Filter>
  </ItemGroup>
  <ItemGroup>
    <ClCompile Include="dllmain.cpp">
      <Filter>Source Files</Filter>
    </ClCompile>
    <ClCompile Include="os.cpp">
      <Filter>Source Files</Filter>
    </ClCompile>
    <ClCompile Include="utils.cpp">
      <Filter>Source Files</Filter>
    </ClCompile>
    <ClCompile Include="ArgumentList.cpp">
      <Filter>Codec</Filter>
    </ClCompile>
    <ClCompile Include="CmdPromptArgumentCodec.cpp">
      <Filter>Codec</Filter>
    </ClCompile>
    <ClCompile Include="CreateProcessArgumentCodec.cpp">
      <Filter>Codec</Filter>
    </ClCompile>
    <ClCompile Include="ValidationRule.cpp">
      <Filter>Arguments Validation</Filter>
    </ClCompile>
    <ClCompile Include="ValidationRuleList.cpp">
      <Filter>Arguments Validation</Filter>
    </ClCompile>
    <ClCompile Include="ValidationRuleSorter.cpp">
      <Filter>Arguments Validation</Filter>
    </ClCompile>
    <ClCompile Include="Validator.cpp">
      <Filter>Arguments Validation</Filter>
    </ClCompile>
  </ItemGroup>
  <ItemGroup>
    <None Include="Rules.txt">
      <Filter>Source Files</Filter>
    </None>
    <None Include="TODO.txt" />
  </ItemGroup>
  <ItemGroup>
    <ClInclude Include="advancedsort.h">
      <Filter>Header Files</Filter>
    </ClInclude>
    <ClInclude Include="libargvcodec.h">
      <Filter>Header Files</Filter>
    </ClInclude>
    <ClInclude Include="macros.h">
      <Filter>Header Files</Filter>
    </ClInclude>
    <ClInclude Include="os.h">
      <Filter>Header Files</Filter>
    </ClInclude>
    <ClInclude Include="targetver.h">
      <Filter>Header Files</Filter>
    </ClInclude>
    <ClInclude Include="utils.h">
      <Filter>Header Files</Filter>
    </ClInclude>
    <ClInclude Include="ArgumentList.h">
      <Filter>Codec</Filter>
    </ClInclude>
    <ClInclude Include="CmdPromptArgumentCodec.h">
      <Filter>Codec</Filter>
    </ClInclude>
    <ClInclude Include="CreateProcessArgumentCodec.h">
      <Filter>Codec</Filter>
    </ClInclude>
    <ClInclude Include="IArgumentDecoder.h">
      <Filter>Codec</Filter>
    </ClInclude>
    <ClInclude Include="IArgumentEncoder.h">
      <Filter>Codec</Filter>
    </ClInclude>
    <ClInclude Include="ValidationRule.h">
      <Filter>Arguments Validation</Filter>
    </ClInclude>
    <ClInclude Include="ValidationRuleList.h">
      <Filter>Arguments Validation</Filter>
    </ClInclude>
    <ClInclude Include="ValidationRuleSorter.h">
      <Filter>Arguments Validation</Filter>
    </ClInclude>
    <ClInclude Include="Validator.h">
      <Filter>Arguments Validation</Filter>
    </ClInclude>
  </ItemGroup>
</Project>